
Microsoft Visual Studio Solution File, Format Version 12.00
# Visual Studio Version 16
VisualStudioVersion = 16.0.31729.503
MinimumVisualStudioVersion = 10.0.40219.1
Project("{8BC9CEB8-8B4A-11D0-8D11-00A0C91BC942}") = "MediaDe5Numeros 30-10-2021", "MediaDe5Numeros 30-10-2021.vcxproj", "{DA1EABC6-C4E7-4EAE-9419-1C145E9D8BBD}"
EndProject
Global
	GlobalSection(SolutionConfigurationPlatforms) = preSolution
		Debug|x64 = Debug|x64
		Debug|x86 = Debug|x86
		Release|x64 = Release|x64
		Release|x86 = Release|x86
	EndGlobalSection
	GlobalSection(ProjectConfigurationPlatforms) = postSolution
		{DA1EABC6-C4E7-4EAE-9419-1C145E9D8BBD}.Debug|x64.ActiveCfg = Debug|x64
		{DA1EABC6-C4E7-4EAE-9419-1C145E9D8BBD}.Debug|x64.Build.0 = Debug|x64
		{DA1EABC6-C4E7-4EAE-9419-1C145E9D8BBD}.Debug|x86.ActiveCfg = Debug|Win32
		{DA1EABC6-C4E7-4EAE-9419-1C145E9D8BBD}.Debug|x86.Build.0 = Debug|Win32
		{DA1EABC6-C4E7-4EAE-9419-1C145E9D8BBD}.Release|x64.ActiveCfg = Release|x64
		{DA1EABC6-C4E7-4EAE-9419-1C145E9D8BBD}.Release|x64.Build.0 = Release|x64
		{DA1EABC6-C4E7-4EAE-9419-1C145E9D8BBD}.Release|x86.ActiveCfg = Release|Win32
		{DA1EABC6-C4E7-4EAE-9419-1C145E9D8BBD}.Release|x86.Build.0 = Release|Win32
	EndGlobalSection
	GlobalSection(SolutionProperties) = preSolution
		HideSolutionNode = FALSE
	EndGlobalSection
	GlobalSection(ExtensibilityGlobals) = postSolution
		SolutionGuid = {C12D6F4B-4E5D-49BC-BA35-A09D27AC83F7}
	EndGlobalSection
EndGlobal
